
Microsoft Visual Studio Solution File, Format Version 12.00
# Visual Studio Version 16
VisualStudioVersion = 16.0.30011.22
MinimumVisualStudioVersion = 10.0.40219.1
Project("{FAE04EC0-301F-11D3-BF4B-00C04F79EFBC}") = "Maydear.Infrastructure.AliYun.Sms", "src\Maydear.Infrastructure.AliYun.Sms\Maydear.Infrastructure.AliYun.Sms.csproj", "{EEFDD8EC-B04D-482D-AEDB-AC76BE5EC9D7}"
EndProject
Project("{FAE04EC0-301F-11D3-BF4B-00C04F79EFBC}") = "Sample", "samples\Sample\Sample.csproj", "{2C6FB986-7AC1-4E59-A8F6-C45C409BD83E}"
EndProject
Global
	GlobalSection(SolutionConfigurationPlatforms) = preSolution
		Debug|Any CPU = Debug|Any CPU
		Release|Any CPU = Release|Any CPU
	EndGlobalSection
	GlobalSection(ProjectConfigurationPlatforms) = postSolution
		{EEFDD8EC-B04D-482D-AEDB-AC76BE5EC9D7}.Debug|Any CPU.ActiveCfg = Debug|Any CPU
		{EEFDD8EC-B04D-482D-AEDB-AC76BE5EC9D7}.Debug|Any CPU.Build.0 = Debug|Any CPU
		{EEFDD8EC-B04D-482D-AEDB-AC76BE5EC9D7}.Release|Any CPU.ActiveCfg = Release|Any CPU
		{EEFDD8EC-B04D-482D-AEDB-AC76BE5EC9D7}.Release|Any CPU.Build.0 = Release|Any CPU
		{2C6FB986-7AC1-4E59-A8F6-C45C409BD83E}.Debug|Any CPU.ActiveCfg = Debug|Any CPU
		{2C6FB986-7AC1-4E59-A8F6-C45C409BD83E}.Debug|Any CPU.Build.0 = Debug|Any CPU
		{2C6FB986-7AC1-4E59-A8F6-C45C409BD83E}.Release|Any CPU.ActiveCfg = Release|Any CPU
		{2C6FB986-7AC1-4E59-A8F6-C45C409BD83E}.Release|Any CPU.Build.0 = Release|Any CPU
	EndGlobalSection
	GlobalSection(SolutionProperties) = preSolution
		HideSolutionNode = FALSE
	EndGlobalSection
	GlobalSection(ExtensibilityGlobals) = postSolution
		SolutionGuid = {881BE4FA-A487-4939-AB10-2301CDFA673E}
	EndGlobalSection
EndGlobal
